# Generated by buf. DO NOT EDIT.
version: v1
deps:
  - remote: buf.build
    owner: protocolbuffers
    repository: wellknowntypes
    commit: 384f8deef6ae4110b57d996aad0032c4
    digest: shake256:2ed272f48ab530c2581a71237043ce20e93724aa2e84f0ac555e82d7dca8061ee530d0e5f91835f1b7374b8db179ab2a75e8452af71ceb2285f411de8816bec3
